# This file is automatically @generated by Poetry 1.8.2 and should not be changed by hand.

[[package]]
name = "pymupdf"
version = "1.26.0"
description = "A high performance Python library for data extraction, analysis, conversion & manipulation of PDF (and other) documents."
optional = false
python-versions = ">=3.9"
files = [
    {file = "pymupdf-1.26.0-cp39-abi3-macosx_10_9_x86_64.whl", hash = "sha256:86195673a5f2b3fbf0f75c73c40975a893fc42bf3d5c2a7cce9fb160704d9997"},
    {file = "pymupdf-1.26.0-cp39-abi3-macosx_11_0_arm64.whl", hash = "sha256:26c5df128a0ed7c38b80a1e7ddd792dd4d8b264839b6b8b6b6b768b13c0bb60e"},
    {file = "pymupdf-1.26.0-cp39-abi3-manylinux2014_aarch64.manylinux_2_17_aarch64.whl", hash = "sha256:84a4dc96144a6bdf13f7d78c21500b3d1bef14d658156afd479acb3995f650c3"},
    {file = "pymupdf-1.26.0-cp39-abi3-manylinux2014_x86_64.manylinux_2_17_x86_64.whl", hash = "sha256:a3f6a45fcf8177763a2629a2ab2cad326e8950a0d120b174b56369365355a2a7"},
    {file = "pymupdf-1.26.0-cp39-abi3-musllinux_1_2_x86_64.whl", hash = "sha256:b5d4751696ba888ab1a91c6a0208c5d31724ee0bebe406f7a83067a08214f88b"},
    {file = "pymupdf-1.26.0-cp39-abi3-win32.whl", hash = "sha256:eeb04a439355e2077f7675b8ad9377263d81990fc507748f2254a87d771d682b"},
    {file = "pymupdf-1.26.0-cp39-abi3-win_amd64.whl", hash = "sha256:e39cc74ff030d773c4e76b9e5c5919cc4683895b73bd63bfd7a349a53ab5e8d7"},
    {file = "pymupdf-1.26.0.tar.gz", hash = "sha256:ffe023f820379c84a0ddae38b0d07ea4016e1de84929491c34415520c629bcce"},
]

[metadata]
lock-version = "2.0"
python-versions = "^3.9"
content-hash = "90da563fdd717761ca1925432e75313748156adb510ce93b6d8b93f1f5d844db"
